
Microsoft Visual Studio Solution File, Format Version 12.00
# Visual Studio 2017
Project("{FAE04EC0-301F-11D3-BF4B-00C04F79EFBC}") = "Cool Game", "Cool Game.csproj", "{5248942B-4661-5268-ED8A-543A4D0E5285}"
EndProject
Project("{FAE04EC0-301F-11D3-BF4B-00C04F79EFBC}") = "Cool Game.Plugins", "Cool Game.Plugins.csproj", "{55781EF3-DC92-02BF-9B20-9C53E29D466F}"
EndProject
Project("{FAE04EC0-301F-11D3-BF4B-00C04F79EFBC}") = "Cool Game.Editor", "Cool Game.Editor.csproj", "{66F74F8E-24F8-B7CC-204C-53EEDB53E4ED}"
EndProject
Project("{FAE04EC0-301F-11D3-BF4B-00C04F79EFBC}") = "Cool Game.Editor.Plugins", "Cool Game.Editor.Plugins.csproj", "{62717151-195A-5094-2650-539B1AD3D4A9}"
EndProject
Global
	GlobalSection(SolutionConfigurationPlatforms) = preSolution
		Debug|Any CPU = Debug|Any CPU
		Release|Any CPU = Release|Any CPU
	EndGlobalSection
	GlobalSection(ProjectConfigurationPlatforms) = postSolution
		{5248942B-4661-5268-ED8A-543A4D0E5285}.Debug|Any CPU.ActiveCfg = Debug|Any CPU
		{5248942B-4661-5268-ED8A-543A4D0E5285}.Debug|Any CPU.Build.0 = Debug|Any CPU
		{5248942B-4661-5268-ED8A-543A4D0E5285}.Release|Any CPU.ActiveCfg = Release|Any CPU
		{5248942B-4661-5268-ED8A-543A4D0E5285}.Release|Any CPU.Build.0 = Release|Any CPU
		{55781EF3-DC92-02BF-9B20-9C53E29D466F}.Debug|Any CPU.ActiveCfg = Debug|Any CPU
		{55781EF3-DC92-02BF-9B20-9C53E29D466F}.Debug|Any CPU.Build.0 = Debug|Any CPU
		{55781EF3-DC92-02BF-9B20-9C53E29D466F}.Release|Any CPU.ActiveCfg = Release|Any CPU
		{55781EF3-DC92-02BF-9B20-9C53E29D466F}.Release|Any CPU.Build.0 = Release|Any CPU
		{66F74F8E-24F8-B7CC-204C-53EEDB53E4ED}.Debug|Any CPU.ActiveCfg = Debug|Any CPU
		{66F74F8E-24F8-B7CC-204C-53EEDB53E4ED}.Debug|Any CPU.Build.0 = Debug|Any CPU
		{66F74F8E-24F8-B7CC-204C-53EEDB53E4ED}.Release|Any CPU.ActiveCfg = Release|Any CPU
		{66F74F8E-24F8-B7CC-204C-53EEDB53E4ED}.Release|Any CPU.Build.0 = Release|Any CPU
		{62717151-195A-5094-2650-539B1AD3D4A9}.Debug|Any CPU.ActiveCfg = Debug|Any CPU
		{62717151-195A-5094-2650-539B1AD3D4A9}.Debug|Any CPU.Build.0 = Debug|Any CPU
		{62717151-195A-5094-2650-539B1AD3D4A9}.Release|Any CPU.ActiveCfg = Release|Any CPU
		{62717151-195A-5094-2650-539B1AD3D4A9}.Release|Any CPU.Build.0 = Release|Any CPU
	EndGlobalSection
	GlobalSection(SolutionProperties) = preSolution
		HideSolutionNode = FALSE
	EndGlobalSection
EndGlobal
